Microsoft Visual Studio Solution File, Format Version 11.00
# Visual Studio 2008

Project("{562CD15A-27C7-42D6-211F-90E93CCC8F53}") = "SteamWorksSim", "Assembly-CSharp.csproj", "{968D955A-B81B-0BC1-9C19-E760CF36EEED}"
EndProject
Global
	GlobalSection(SolutionConfigurationPlatforms) = preSolution
		Debug|Any CPU = Debug|Any CPU
		Release|Any CPU = Release|Any CPU
	EndGlobalSection
	GlobalSection(ProjectConfigurationPlatforms) = postSolution
		{968D955A-B81B-0BC1-9C19-E760CF36EEED}.Debug|Any CPU.ActiveCfg = Debug|Any CPU
		{968D955A-B81B-0BC1-9C19-E760CF36EEED}.Debug|Any CPU.Build.0 = Debug|Any CPU
		{968D955A-B81B-0BC1-9C19-E760CF36EEED}.Release|Any CPU.ActiveCfg = Release|Any CPU
		{968D955A-B81B-0BC1-9C19-E760CF36EEED}.Release|Any CPU.Build.0 = Release|Any CPU
	EndGlobalSection
	GlobalSection(SolutionProperties) = preSolution
		HideSolutionNode = FALSE
	EndGlobalSection
	GlobalSection(MonoDevelopProperties) = preSolution
		StartupItem = Assembly-CSharp.csproj
	EndGlobalSection
EndGlobal
