Microsoft Visual Studio Solution File, Format Version 11.00
# Visual Studio 2008

Project("{96C73B67-2B62-1098-2BC7-AA7E052D38A1}") = "SteamWorksSim-master", "Assembly-CSharp.csproj", "{514571CA-F9C5-969E-D637-EF71DE6442CC}"
EndProject
Global
	GlobalSection(SolutionConfigurationPlatforms) = preSolution
		Debug|Any CPU = Debug|Any CPU
		Release|Any CPU = Release|Any CPU
	EndGlobalSection
	GlobalSection(ProjectConfigurationPlatforms) = postSolution
		{514571CA-F9C5-969E-D637-EF71DE6442CC}.Debug|Any CPU.ActiveCfg = Debug|Any CPU
		{514571CA-F9C5-969E-D637-EF71DE6442CC}.Debug|Any CPU.Build.0 = Debug|Any CPU
		{514571CA-F9C5-969E-D637-EF71DE6442CC}.Release|Any CPU.ActiveCfg = Release|Any CPU
		{514571CA-F9C5-969E-D637-EF71DE6442CC}.Release|Any CPU.Build.0 = Release|Any CPU
	EndGlobalSection
	GlobalSection(SolutionProperties) = preSolution
		HideSolutionNode = FALSE
	EndGlobalSection
	GlobalSection(MonoDevelopProperties) = preSolution
		StartupItem = Assembly-CSharp.csproj
	EndGlobalSection
EndGlobal
