
Microsoft Visual Studio Solution File, Format Version 12.00
# Visual Studio 2015
Project("{FAE04EC0-301F-11D3-BF4B-00C04F79EFBC}") = "SteamWorksSim.CSharp", "SteamWorksSim.CSharp.csproj", "{636B6005-3B3F-FD16-A18D-A95F64BEABC0}"
EndProject
Global
	GlobalSection(SolutionConfigurationPlatforms) = preSolution
		Debug|Any CPU = Debug|Any CPU
		Release|Any CPU = Release|Any CPU
	EndGlobalSection
	GlobalSection(ProjectConfigurationPlatforms) = postSolution
		{636B6005-3B3F-FD16-A18D-A95F64BEABC0}.Debug|Any CPU.ActiveCfg = Debug|Any CPU
		{636B6005-3B3F-FD16-A18D-A95F64BEABC0}.Debug|Any CPU.Build.0 = Debug|Any CPU
		{636B6005-3B3F-FD16-A18D-A95F64BEABC0}.Release|Any CPU.ActiveCfg = Release|Any CPU
		{636B6005-3B3F-FD16-A18D-A95F64BEABC0}.Release|Any CPU.Build.0 = Release|Any CPU
	EndGlobalSection
	GlobalSection(SolutionProperties) = preSolution
		HideSolutionNode = FALSE
	EndGlobalSection
EndGlobal
